{
  "name": "HW4",
  "lockfileVersion": 3,
  "requires": true,
  "packages": {
    "": {
      "dependencies": {
        "mary-markov": "^2.0.0"
      }
    },
    "node_modules/mary-markov": {
      "version": "2.0.0",
      "resolved": "https://registry.npmjs.org/mary-markov/-/mary-markov-2.0.0.tgz",
      "integrity": "sha512-wded4W68En20R6NYnWo0KLGQ0FjiXa9fHUmdEpSyBgHy923JNjbmiGS6IT3UCAdDBI0bsbMqUr/PgVBUtF55qQ=="
    }
  }
}
